
Microsoft Visual Studio Solution File, Format Version 12.00
# Visual Studio Version 16
VisualStudioVersion = 16.0.32228.343
MinimumVisualStudioVersion = 10.0.40219.1
Project("{9A19103F-16F7-4668-BE54-9A1E7A4F7556}") = "weather-retrieval", "weather-retrieval.csproj", "{CF2BA343-2830-460D-95F1-4B3260F5A4D0}"
EndProject
Global
	GlobalSection(SolutionConfigurationPlatforms) = preSolution
		Debug|Any CPU = Debug|Any CPU
		Release|Any CPU = Release|Any CPU
	EndGlobalSection
	GlobalSection(ProjectConfigurationPlatforms) = postSolution
		{CF2BA343-2830-460D-95F1-4B3260F5A4D0}.Debug|Any CPU.ActiveCfg = Debug|Any CPU
		{CF2BA343-2830-460D-95F1-4B3260F5A4D0}.Debug|Any CPU.Build.0 = Debug|Any CPU
		{CF2BA343-2830-460D-95F1-4B3260F5A4D0}.Release|Any CPU.ActiveCfg = Release|Any CPU
		{CF2BA343-2830-460D-95F1-4B3260F5A4D0}.Release|Any CPU.Build.0 = Release|Any CPU
	EndGlobalSection
	GlobalSection(SolutionProperties) = preSolution
		HideSolutionNode = FALSE
	EndGlobalSection
	GlobalSection(ExtensibilityGlobals) = postSolution
		SolutionGuid = {FF45081A-23D0-4038-8BB7-F320867A2B4F}
	EndGlobalSection
EndGlobal
